{
  "originHash" : "97babd976f86db80ebb476d2c57afd3ddfe4b7d85a3914140c1bb31d06fec0a6",
  "pins" : [
    {
      "identity" : "argmax-oss-swift",
      "kind" : "remoteSourceControl",
      "location" : "https://github.com/initcore0/argmax-oss-swift.git",
      "state" : {
        "revision" : "7e5f648249fde3eeabab02250529f63f16476e91"
      }
    },
    {
      "identity" : "fluidaudio",
      "kind" : "remoteSourceControl",
      "location" : "https://github.com/FluidInference/FluidAudio.git",
      "state" : {
        "revision" : "19600a485baa4998812e4654b70d2bab8f2c9949",
        "version" : "0.15.5"
      }
    },
    {
      "identity" : "openwhisp",
      "kind" : "remoteSourceControl",
      "location" : "https://github.com/initcore0/openwhisp.git",
      "state" : {
        "branch" : "main",
        "revision" : "9af222262a7658816856e664c931a621b05b4fb2"
      }
    },
    {
      "identity" : "swift-argument-parser",
      "kind" : "remoteSourceControl",
      "location" : "https://github.com/apple/swift-argument-parser.git",
      "state" : {
        "revision" : "6a52f3251125d74daf04fcbd5e6f08a75d074382",
        "version" : "1.8.2"
      }
    }
  ],
  "version" : 3
}
