{
  "originHash" : "8cf4dab152cb8847bb658a4d323b7a0ead9f1e4810d99b6f291a96087276300d",
  "pins" : [
    {
      "identity" : "argmax-oss-swift",
      "kind" : "remoteSourceControl",
      "location" : "https://github.com/initcore0/argmax-oss-swift.git",
      "state" : {
        "revision" : "7e5f648249fde3eeabab02250529f63f16476e91"
      }
    },
    {
      "identity" : "fluidaudio",
      "kind" : "remoteSourceControl",
      "location" : "https://github.com/FluidInference/FluidAudio.git",
      "state" : {
        "revision" : "19600a485baa4998812e4654b70d2bab8f2c9949",
        "version" : "0.15.5"
      }
    },
    {
      "identity" : "openwhisp",
      "kind" : "remoteSourceControl",
      "location" : "https://github.com/initcore0/openwhisp.git",
      "state" : {
        "branch" : "mak-51-sync-wire",
        "revision" : "8f957ed80446d2c6245bad606823c4d7e65cffc7"
      }
    },
    {
      "identity" : "swift-argument-parser",
      "kind" : "remoteSourceControl",
      "location" : "https://github.com/apple/swift-argument-parser.git",
      "state" : {
        "revision" : "6a52f3251125d74daf04fcbd5e6f08a75d074382",
        "version" : "1.8.2"
      }
    }
  ],
  "version" : 3
}
